
Microsoft Visual Studio Solution File, Format Version 12.00
# Visual Studio Version 17
VisualStudioVersion = 17.0.31919.166
MinimumVisualStudioVersion = 10.0.40219.1
Project("{9A19103F-16F7-4668-BE54-9A1E7A4F7556}") = "Tests", "Tests\Tests.csproj", "{80E338EE-5ADF-4F3E-AF87-02F7231A7778}"
EndProject
Project("{9A19103F-16F7-4668-BE54-9A1E7A4F7556}") = "Days", "Days\Days.csproj", "{1F4ECA8D-BFAC-4B91-9B1A-639A8B35ACE6}"
EndProject
Global
	GlobalSection(SolutionConfigurationPlatforms) = preSolution
		Debug|Any CPU = Debug|Any CPU
		Release|Any CPU = Release|Any CPU
	EndGlobalSection
	GlobalSection(ProjectConfigurationPlatforms) = postSolution
		{80E338EE-5ADF-4F3E-AF87-02F7231A7778}.Debug|Any CPU.ActiveCfg = Debug|Any CPU
		{80E338EE-5ADF-4F3E-AF87-02F7231A7778}.Debug|Any CPU.Build.0 = Debug|Any CPU
		{80E338EE-5ADF-4F3E-AF87-02F7231A7778}.Release|Any CPU.ActiveCfg = Release|Any CPU
		{80E338EE-5ADF-4F3E-AF87-02F7231A7778}.Release|Any CPU.Build.0 = Release|Any CPU
		{1F4ECA8D-BFAC-4B91-9B1A-639A8B35ACE6}.Debug|Any CPU.ActiveCfg = Debug|Any CPU
		{1F4ECA8D-BFAC-4B91-9B1A-639A8B35ACE6}.Debug|Any CPU.Build.0 = Debug|Any CPU
		{1F4ECA8D-BFAC-4B91-9B1A-639A8B35ACE6}.Release|Any CPU.ActiveCfg = Release|Any CPU
		{1F4ECA8D-BFAC-4B91-9B1A-639A8B35ACE6}.Release|Any CPU.Build.0 = Release|Any CPU
	EndGlobalSection
	GlobalSection(SolutionProperties) = preSolution
		HideSolutionNode = FALSE
	EndGlobalSection
	GlobalSection(ExtensibilityGlobals) = postSolution
		SolutionGuid = {1B426EB4-085C-4133-B8F9-ABCE92301A72}
	EndGlobalSection
EndGlobal
